# THIS IS AN AUTOGENERATED FILE. DO NOT EDIT THIS FILE DIRECTLY.
# yarn lockfile v1


"@types/semver@^7.1.0":
  version "7.5.8"
  resolved "https://registry.yarnpkg.com/@types/semver/-/semver-7.5.8.tgz#8268a8c57a3e4abd25c165ecd36237db7948a55e"
  integrity sha512-I8EUhyrgfLrcTkzV3TSsGyl1tSuPrEDzr0yd5m90UgNxQkyDXULk3b6MlQqTCpZpNtWe1K0hzclnZkTcLBe2UQ==

semver@^7.1.1:
  version "7.6.1"
  resolved "https://registry.yarnpkg.com/semver/-/semver-7.6.1.tgz#60bfe090bf907a25aa8119a72b9f90ef7ca281b2"
  integrity sha512-f/vbBsu+fOiYt+lmwZV0rVwJScl46HppnOA1ZvIuBWKOTlllpyJ3bfVax76/OrhCH38dyxoDIA8K7uB963IYgA==
